// !$*UTF8*$!
{
	archiveVersion = 1;
	classes = {
	};
	objectVersion = 48;
	objects = {

/* Begin PBXBuildFile section */
		3D6CA67A3E5C779F4A9D74AA /* Pods_GJRxSwift.framework in Frameworks */ = {isa = PBXBuildFile; fileRef = 273A926BC640B712BDE74018 /* Pods_GJRxSwift.framework */; };
		E108D30C20CE21B50096E47C /* FilterTakeSkipViewController.swift in Sources */ = {isa = PBXBuildFile; fileRef = E108D30B20CE21B50096E47C /* FilterTakeSkipViewController.swift */; };
		E108D30F20CE3E5F0096E47C /* AmbTakeWhileSkipWhileViewController.swift in Sources */ = {isa = PBXBuildFile; fileRef = E108D30E20CE3E5F0096E47C /* AmbTakeWhileSkipWhileViewController.swift */; };
		E108D31220CE4CA40096E47C /* StartWithMergeZipViewController.swift in Sources */ = {isa = PBXBuildFile; fileRef = E108D31120CE4CA40096E47C /* StartWithMergeZipViewController.swift */; };
		E108D31520CE6EE80096E47C /* ToArrayReduceConcatViewController.swift in Sources */ = {isa = PBXBuildFile; fileRef = E108D31420CE6EE80096E47C /* ToArrayReduceConcatViewController.swift */; };
		E108D32220D0B4F80096E47C /* ConnectPublishReplayMulticastViewController.swift in Sources */ = {isa = PBXBuildFile; fileRef = E108D32120D0B4F80096E47C /* ConnectPublishReplayMulticastViewController.swift */; };
		E108D32520D0E29C0096E47C /* DelayMaterializeTimeoutViewController.swift in Sources */ = {isa = PBXBuildFile; fileRef = E108D32420D0E29C0096E47C /* DelayMaterializeTimeoutViewController.swift */; };
		E108D32820D0F80E0096E47C /* ErrorHandlerViewController.swift in Sources */ = {isa = PBXBuildFile; fileRef = E108D32720D0F80E0096E47C /* ErrorHandlerViewController.swift */; };
		E108D32B20D1109C0096E47C /* DebuggingViewController.swift in Sources */ = {isa = PBXBuildFile; fileRef = E108D32A20D1109C0096E47C /* DebuggingViewController.swift */; };
		E108D36920D3806D0096E47C /* SingleCompletableMaybeViewController.swift in Sources */ = {isa = PBXBuildFile; fileRef = E108D36820D3806D0096E47C /* SingleCompletableMaybeViewController.swift */; };
		E108D36C20D39EB60096E47C /* DriverViewController.swift in Sources */ = {isa = PBXBuildFile; fileRef = E108D36B20D39EB60096E47C /* DriverViewController.swift */; };
		E1153DEA20D8EF99005CF356 /* ControlPropetyControlEventViewController.swift in Sources */ = {isa = PBXBuildFile; fileRef = E1153DE920D8EF99005CF356 /* ControlPropetyControlEventViewController.swift */; };
		E1153DED20D8F835005CF356 /* UIViewControllerRxExtendViewController.swift in Sources */ = {isa = PBXBuildFile; fileRef = E1153DEC20D8F835005CF356 /* UIViewControllerRxExtendViewController.swift */; };
		E1153DF120D8F901005CF356 /* UIViewController+RxSwift.swift in Sources */ = {isa = PBXBuildFile; fileRef = E1153DF020D8F901005CF356 /* UIViewController+RxSwift.swift */; };
		E1153DFA20D9FC3A005CF356 /* SubscribeOnObserveOnViewController.swift in Sources */ = {isa = PBXBuildFile; fileRef = E1153DF920D9FC3A005CF356 /* SubscribeOnObserveOnViewController.swift */; };
		E1153DFD20DA1825005CF356 /* UILabelViewController.swift in Sources */ = {isa = PBXBuildFile; fileRef = E1153DFC20DA1825005CF356 /* UILabelViewController.swift */; };
		E1153E0020DA2252005CF356 /* UITextFieldUITextViewViewController.swift in Sources */ = {isa = PBXBuildFile; fileRef = E1153DFF20DA2252005CF356 /* UITextFieldUITextViewViewController.swift */; };
		E1153E0320DA342C005CF356 /* UIButtonUIBarButtonItemViewController.swift in Sources */ = {isa = PBXBuildFile; fileRef = E1153E0220DA342C005CF356 /* UIButtonUIBarButtonItemViewController.swift */; };
		E1153E0620DA4971005CF356 /* UISwitchUISegmentControlViewController.swift in Sources */ = {isa = PBXBuildFile; fileRef = E1153E0520DA4971005CF356 /* UISwitchUISegmentControlViewController.swift */; };
		E1153E0920DB4509005CF356 /* UISliderUIStepperViewController.swift in Sources */ = {isa = PBXBuildFile; fileRef = E1153E0820DB4509005CF356 /* UISliderUIStepperViewController.swift */; };
		E1153E0E20DB4661005CF356 /* BindViewController.swift in Sources */ = {isa = PBXBuildFile; fileRef = E1153E0D20DB4661005CF356 /* BindViewController.swift */; };
		E1153E1120DB7F0F005CF356 /* UIGestureRecgnizerViewController.swift in Sources */ = {isa = PBXBuildFile; fileRef = E1153E1020DB7F0F005CF356 /* UIGestureRecgnizerViewController.swift */; };
		E1153E1420DB83DC005CF356 /* UIDatePickerViewController.swift in Sources */ = {isa = PBXBuildFile; fileRef = E1153E1320DB83DC005CF356 /* UIDatePickerViewController.swift */; };
		E138BA3B20C8CE1D00879E28 /* AppDelegate.swift in Sources */ = {isa = PBXBuildFile; fileRef = E138BA3A20C8CE1D00879E28 /* AppDelegate.swift */; };
		E138BA3D20C8CE1D00879E28 /* ViewController.swift in Sources */ = {isa = PBXBuildFile; fileRef = E138BA3C20C8CE1D00879E28 /* ViewController.swift */; };
		E138BA4020C8CE1D00879E28 /* Main.storyboard in Resources */ = {isa = PBXBuildFile; fileRef = E138BA3E20C8CE1D00879E28 /* Main.storyboard */; };
		E138BA4220C8CE1D00879E28 /* Assets.xcassets in Resources */ = {isa = PBXBuildFile; fileRef = E138BA4120C8CE1D00879E28 /* Assets.xcassets */; };
		E138BA4520C8CE1D00879E28 /* LaunchScreen.storyboard in Resources */ = {isa = PBXBuildFile; fileRef = E138BA4320C8CE1D00879E28 /* LaunchScreen.storyboard */; };
		E138BA4F20C8ED6300879E28 /* ObservableIntroduceCreateViewController.swift in Sources */ = {isa = PBXBuildFile; fileRef = E138BA4E20C8ED6300879E28 /* ObservableIntroduceCreateViewController.swift */; };
		E138BA5220C8F99100879E28 /* ObservableSubscribeDoonDisposeViewController.swift in Sources */ = {isa = PBXBuildFile; fileRef = E138BA5120C8F99100879E28 /* ObservableSubscribeDoonDisposeViewController.swift */; };
		E138BA5520C900BB00879E28 /* AnyObserverBinderViewController.swift in Sources */ = {isa = PBXBuildFile; fileRef = E138BA5420C900BB00879E28 /* AnyObserverBinderViewController.swift */; };
		E138BA5820C922ED00879E28 /* CustomBindablePropertyViewController.swift in Sources */ = {isa = PBXBuildFile; fileRef = E138BA5720C922ED00879E28 /* CustomBindablePropertyViewController.swift */; };
		E138BA5D20CA1A2F00879E28 /* SubjectsVariablesViewController.swift in Sources */ = {isa = PBXBuildFile; fileRef = E138BA5C20CA1A2F00879E28 /* SubjectsVariablesViewController.swift */; };
		E138BA6020CA44FD00879E28 /* BufferMapFlatMapScanViewController.swift in Sources */ = {isa = PBXBuildFile; fileRef = E138BA5F20CA44FD00879E28 /* BufferMapFlatMapScanViewController.swift */; };
/* End PBXBuildFile section */

/* Begin PBXFileReference section */
		273A926BC640B712BDE74018 /* Pods_GJRxSwift.framework */ = {isa = PBXFileReference; explicitFileType = wrapper.framework; includeInIndex = 0; path = Pods_GJRxSwift.framework; sourceTree = BUILT_PRODUCTS_DIR; };
		4968CBE97CAABDD2E7F97EBA /* Pods-GJRxSwift.release.xcconfig */ = {isa = PBXFileReference; includeInIndex = 1; lastKnownFileType = text.xcconfig; name = "Pods-GJRxSwift.release.xcconfig"; path = "Pods/Target Support Files/Pods-GJRxSwift/Pods-GJRxSwift.release.xcconfig"; sourceTree = "<group>"; };
		DC6A8624A081D1BB7BCD2268 /* Pods-GJRxSwift.debug.xcconfig */ = {isa = PBXFileReference; includeInIndex = 1; lastKnownFileType = text.xcconfig; name = "Pods-GJRxSwift.debug.xcconfig"; path = "Pods/Target Support Files/Pods-GJRxSwift/Pods-GJRxSwift.debug.xcconfig"; sourceTree = "<group>"; };
		E108D30B20CE21B50096E47C /* FilterTakeSkipViewController.swift */ = {isa = PBXFileReference; lastKnownFileType = sourcecode.swift; path = FilterTakeSkipViewController.swift; sourceTree = "<group>"; };
		E108D30E20CE3E5F0096E47C /* AmbTakeWhileSkipWhileViewController.swift */ = {isa = PBXFileReference; lastKnownFileType = sourcecode.swift; path = AmbTakeWhileSkipWhileViewController.swift; sourceTree = "<group>"; };
		E108D31120CE4CA40096E47C /* StartWithMergeZipViewController.swift */ = {isa = PBXFileReference; lastKnownFileType = sourcecode.swift; path = StartWithMergeZipViewController.swift; sourceTree = "<group>"; };
		E108D31420CE6EE80096E47C /* ToArrayReduceConcatViewController.swift */ = {isa = PBXFileReference; lastKnownFileType = sourcecode.swift; path = ToArrayReduceConcatViewController.swift; sourceTree = "<group>"; };
		E108D32120D0B4F80096E47C /* ConnectPublishReplayMulticastViewController.swift */ = {isa = PBXFileReference; lastKnownFileType = sourcecode.swift; path = ConnectPublishReplayMulticastViewController.swift; sourceTree = "<group>"; };
		E108D32420D0E29C0096E47C /* DelayMaterializeTimeoutViewController.swift */ = {isa = PBXFileReference; lastKnownFileType = sourcecode.swift; path = DelayMaterializeTimeoutViewController.swift; sourceTree = "<group>"; };
		E108D32720D0F80E0096E47C /* ErrorHandlerViewController.swift */ = {isa = PBXFileReference; lastKnownFileType = sourcecode.swift; path = ErrorHandlerViewController.swift; sourceTree = "<group>"; };
		E108D32A20D1109C0096E47C /* DebuggingViewController.swift */ = {isa = PBXFileReference; lastKnownFileType = sourcecode.swift; path = DebuggingViewController.swift; sourceTree = "<group>"; };
		E108D36820D3806D0096E47C /* SingleCompletableMaybeViewController.swift */ = {isa = PBXFileReference; lastKnownFileType = sourcecode.swift; path = SingleCompletableMaybeViewController.swift; sourceTree = "<group>"; };
		E108D36B20D39EB60096E47C /* DriverViewController.swift */ = {isa = PBXFileReference; lastKnownFileType = sourcecode.swift; path = DriverViewController.swift; sourceTree = "<group>"; };
		E1153DE920D8EF99005CF356 /* ControlPropetyControlEventViewController.swift */ = {isa = PBXFileReference; lastKnownFileType = sourcecode.swift; path = ControlPropetyControlEventViewController.swift; sourceTree = "<group>"; };
		E1153DEC20D8F835005CF356 /* UIViewControllerRxExtendViewController.swift */ = {isa = PBXFileReference; lastKnownFileType = sourcecode.swift; path = UIViewControllerRxExtendViewController.swift; sourceTree = "<group>"; };
		E1153DF020D8F901005CF356 /* UIViewController+RxSwift.swift */ = {isa = PBXFileReference; lastKnownFileType = sourcecode.swift; path = "UIViewController+RxSwift.swift"; sourceTree = "<group>"; };
		E1153DF920D9FC3A005CF356 /* SubscribeOnObserveOnViewController.swift */ = {isa = PBXFileReference; lastKnownFileType = sourcecode.swift; path = SubscribeOnObserveOnViewController.swift; sourceTree = "<group>"; };
		E1153DFC20DA1825005CF356 /* UILabelViewController.swift */ = {isa = PBXFileReference; lastKnownFileType = sourcecode.swift; path = UILabelViewController.swift; sourceTree = "<group>"; };
		E1153DFF20DA2252005CF356 /* UITextFieldUITextViewViewController.swift */ = {isa = PBXFileReference; lastKnownFileType = sourcecode.swift; path = UITextFieldUITextViewViewController.swift; sourceTree = "<group>"; };
		E1153E0220DA342C005CF356 /* UIButtonUIBarButtonItemViewController.swift */ = {isa = PBXFileReference; lastKnownFileType = sourcecode.swift; path = UIButtonUIBarButtonItemViewController.swift; sourceTree = "<group>"; };
		E1153E0520DA4971005CF356 /* UISwitchUISegmentControlViewController.swift */ = {isa = PBXFileReference; lastKnownFileType = sourcecode.swift; path = UISwitchUISegmentControlViewController.swift; sourceTree = "<group>"; };
		E1153E0820DB4509005CF356 /* UISliderUIStepperViewController.swift */ = {isa = PBXFileReference; lastKnownFileType = sourcecode.swift; path = UISliderUIStepperViewController.swift; sourceTree = "<group>"; };
		E1153E0D20DB4661005CF356 /* BindViewController.swift */ = {isa = PBXFileReference; lastKnownFileType = sourcecode.swift; path = BindViewController.swift; sourceTree = "<group>"; };
		E1153E1020DB7F0F005CF356 /* UIGestureRecgnizerViewController.swift */ = {isa = PBXFileReference; lastKnownFileType = sourcecode.swift; path = UIGestureRecgnizerViewController.swift; sourceTree = "<group>"; };
		E1153E1320DB83DC005CF356 /* UIDatePickerViewController.swift */ = {isa = PBXFileReference; lastKnownFileType = sourcecode.swift; path = UIDatePickerViewController.swift; sourceTree = "<group>"; };
		E138BA3720C8CE1D00879E28 /* GJRxSwift.app */ = {isa = PBXFileReference; explicitFileType = wrapper.application; includeInIndex = 0; path = GJRxSwift.app; sourceTree = BUILT_PRODUCTS_DIR; };
		E138BA3A20C8CE1D00879E28 /* AppDelegate.swift */ = {isa = PBXFileReference; lastKnownFileType = sourcecode.swift; path = AppDelegate.swift; sourceTree = "<group>"; };
		E138BA3C20C8CE1D00879E28 /* ViewController.swift */ = {isa = PBXFileReference; lastKnownFileType = sourcecode.swift; path = ViewController.swift; sourceTree = "<group>"; };
		E138BA3F20C8CE1D00879E28 /* Base */ = {isa = PBXFileReference; lastKnownFileType = file.storyboard; name = Base; path = Base.lproj/Main.storyboard; sourceTree = "<group>"; };
		E138BA4120C8CE1D00879E28 /* Assets.xcassets */ = {isa = PBXFileReference; lastKnownFileType = folder.assetcatalog; path = Assets.xcassets; sourceTree = "<group>"; };
		E138BA4420C8CE1D00879E28 /* Base */ = {isa = PBXFileReference; lastKnownFileType = file.storyboard; name = Base; path = Base.lproj/LaunchScreen.storyboard; sourceTree = "<group>"; };
		E138BA4620C8CE1D00879E28 /* Info.plist */ = {isa = PBXFileReference; lastKnownFileType = text.plist.xml; path = Info.plist; sourceTree = "<group>"; };
		E138BA4E20C8ED6300879E28 /* ObservableIntroduceCreateViewController.swift */ = {isa = PBXFileReference; lastKnownFileType = sourcecode.swift; path = ObservableIntroduceCreateViewController.swift; sourceTree = "<group>"; };
		E138BA5120C8F99100879E28 /* ObservableSubscribeDoonDisposeViewController.swift */ = {isa = PBXFileReference; lastKnownFileType = sourcecode.swift; path = ObservableSubscribeDoonDisposeViewController.swift; sourceTree = "<group>"; };
		E138BA5420C900BB00879E28 /* AnyObserverBinderViewController.swift */ = {isa = PBXFileReference; lastKnownFileType = sourcecode.swift; path = AnyObserverBinderViewController.swift; sourceTree = "<group>"; };
		E138BA5720C922ED00879E28 /* CustomBindablePropertyViewController.swift */ = {isa = PBXFileReference; lastKnownFileType = sourcecode.swift; path = CustomBindablePropertyViewController.swift; sourceTree = "<group>"; };
		E138BA5C20CA1A2F00879E28 /* SubjectsVariablesViewController.swift */ = {isa = PBXFileReference; lastKnownFileType = sourcecode.swift; path = SubjectsVariablesViewController.swift; sourceTree = "<group>"; };
		E138BA5F20CA44FD00879E28 /* BufferMapFlatMapScanViewController.swift */ = {isa = PBXFileReference; lastKnownFileType = sourcecode.swift; path = BufferMapFlatMapScanViewController.swift; sourceTree = "<group>"; };
/* End PBXFileReference section */

/* Begin PBXFrameworksBuildPhase section */
		E138BA3420C8CE1D00879E28 /* Frameworks */ = {
			isa = PBXFrameworksBuildPhase;
			buildActionMask = 2147483647;
			files = (
				3D6CA67A3E5C779F4A9D74AA /* Pods_GJRxSwift.framework in Frameworks */,
			);
			runOnlyForDeploymentPostprocessing = 0;
		};
/* End PBXFrameworksBuildPhase section */

/* Begin PBXGroup section */
		59BAD07DCCCF877EA18ABD37 /* Frameworks */ = {
			isa = PBXGroup;
			children = (
				273A926BC640B712BDE74018 /* Pods_GJRxSwift.framework */,
			);
			name = Frameworks;
			sourceTree = "<group>";
		};
		D224442CC68F07493F3029CD /* Pods */ = {
			isa = PBXGroup;
			children = (
				DC6A8624A081D1BB7BCD2268 /* Pods-GJRxSwift.debug.xcconfig */,
				4968CBE97CAABDD2E7F97EBA /* Pods-GJRxSwift.release.xcconfig */,
			);
			name = Pods;
			sourceTree = "<group>";
		};
		E108D30A20CE219D0096E47C /* 过滤操作符：filter、take、skip等 */ = {
			isa = PBXGroup;
			children = (
				E108D30B20CE21B50096E47C /* FilterTakeSkipViewController.swift */,
			);
			path = "过滤操作符：filter、take、skip等";
			sourceTree = "<group>";
		};
		E108D30D20CE3E4C0096E47C /* 条件和布尔操作符：amb、takeWhile、skipWhile等 */ = {
			isa = PBXGroup;
			children = (
				E108D30E20CE3E5F0096E47C /* AmbTakeWhileSkipWhileViewController.swift */,
			);
			path = "条件和布尔操作符：amb、takeWhile、skipWhile等";
			sourceTree = "<group>";
		};
		E108D31020CE4C920096E47C /* 结合操作符：startWith、merge、zip等 */ = {
			isa = PBXGroup;
			children = (
				E108D31120CE4CA40096E47C /* StartWithMergeZipViewController.swift */,
			);
			path = "结合操作符：startWith、merge、zip等";
			sourceTree = "<group>";
		};
		E108D31320CE6ED40096E47C /* 算数&聚合操作符：toArray、reduce、concat */ = {
			isa = PBXGroup;
			children = (
				E108D31420CE6EE80096E47C /* ToArrayReduceConcatViewController.swift */,
			);
			path = "算数&聚合操作符：toArray、reduce、concat";
			sourceTree = "<group>";
		};
		E108D32020D0B4CD0096E47C /* 连接操作符：connect、publish、replay、multicast */ = {
			isa = PBXGroup;
			children = (
				E108D32120D0B4F80096E47C /* ConnectPublishReplayMulticastViewController.swift */,
			);
			path = "连接操作符：connect、publish、replay、multicast";
			sourceTree = "<group>";
		};
		E108D32320D0E2820096E47C /* 其他操作符：delay、materialize、timeout等 */ = {
			isa = PBXGroup;
			children = (
				E108D32420D0E29C0096E47C /* DelayMaterializeTimeoutViewController.swift */,
			);
			path = "其他操作符：delay、materialize、timeout等";
			sourceTree = "<group>";
		};
		E108D32620D0F8020096E47C /* 错误处理 */ = {
			isa = PBXGroup;
			children = (
				E108D32720D0F80E0096E47C /* ErrorHandlerViewController.swift */,
			);
			path = "错误处理";
			sourceTree = "<group>";
		};
		E108D32920D110840096E47C /* 调试操作 */ = {
			isa = PBXGroup;
			children = (
				E108D32A20D1109C0096E47C /* DebuggingViewController.swift */,
			);
			path = "调试操作";
			sourceTree = "<group>";
		};
		E108D36720D380450096E47C /* 特征序列1：Single、Completable、Maybe */ = {
			isa = PBXGroup;
			children = (
				E108D36820D3806D0096E47C /* SingleCompletableMaybeViewController.swift */,
			);
			path = "特征序列1：Single、Completable、Maybe";
			sourceTree = "<group>";
		};
		E108D36A20D39EAA0096E47C /* 特征序列2：Driver */ = {
			isa = PBXGroup;
			children = (
				E108D36B20D39EB60096E47C /* DriverViewController.swift */,
			);
			path = "特征序列2：Driver";
			sourceTree = "<group>";
		};
		E1153DE820D8EF77005CF356 /* 特征序列3：ControlProperty、 ControlEvent */ = {
			isa = PBXGroup;
			children = (
				E1153DE920D8EF99005CF356 /* ControlPropetyControlEventViewController.swift */,
			);
			path = "特征序列3：ControlProperty、 ControlEvent";
			sourceTree = "<group>";
		};
		E1153DEB20D8F81A005CF356 /* 给 UIViewController 添加 RxSwift 扩展 */ = {
			isa = PBXGroup;
			children = (
				E1153DEC20D8F835005CF356 /* UIViewControllerRxExtendViewController.swift */,
				E1153DF020D8F901005CF356 /* UIViewController+RxSwift.swift */,
			);
			path = "给 UIViewController 添加 RxSwift 扩展";
			sourceTree = "<group>";
		};
		E1153DF820D9FC22005CF356 /* 调度器、subscribeOn、observeOn */ = {
			isa = PBXGroup;
			children = (
				E1153DF920D9FC3A005CF356 /* SubscribeOnObserveOnViewController.swift */,
			);
			path = "调度器、subscribeOn、observeOn";
			sourceTree = "<group>";
		};
		E1153DFB20DA1818005CF356 /* UI控件扩展1：UILabel */ = {
			isa = PBXGroup;
			children = (
				E1153DFC20DA1825005CF356 /* UILabelViewController.swift */,
			);
			path = "UI控件扩展1：UILabel";
			sourceTree = "<group>";
		};
		E1153DFE20DA2241005CF356 /* UI控件扩展2：UITextField、UITextView */ = {
			isa = PBXGroup;
			children = (
				E1153DFF20DA2252005CF356 /* UITextFieldUITextViewViewController.swift */,
			);
			path = "UI控件扩展2：UITextField、UITextView";
			sourceTree = "<group>";
		};
		E1153E0120DA3416005CF356 /* UI控件扩展3：UIButton、UIBarButtonItem */ = {
			isa = PBXGroup;
			children = (
				E1153E0220DA342C005CF356 /* UIButtonUIBarButtonItemViewController.swift */,
			);
			path = "UI控件扩展3：UIButton、UIBarButtonItem";
			sourceTree = "<group>";
		};
		E1153E0420DA4958005CF356 /* UI控件扩展4：UISwitch、UISegmentedControl */ = {
			isa = PBXGroup;
			children = (
				E1153E0520DA4971005CF356 /* UISwitchUISegmentControlViewController.swift */,
			);
			path = "UI控件扩展4：UISwitch、UISegmentedControl";
			sourceTree = "<group>";
		};
		E1153E0720DB44FA005CF356 /* UI控件扩展6：UISlider、UIStepper */ = {
			isa = PBXGroup;
			children = (
				E1153E0820DB4509005CF356 /* UISliderUIStepperViewController.swift */,
			);
			path = "UI控件扩展6：UISlider、UIStepper";
			sourceTree = "<group>";
		};
		E1153E0C20DB464B005CF356 /* 双向绑定：<-> */ = {
			isa = PBXGroup;
			children = (
				E1153E0D20DB4661005CF356 /* BindViewController.swift */,
			);
			path = "双向绑定：<->";
			sourceTree = "<group>";
		};
		E1153E0F20DB7EF0005CF356 /* UI控件扩展7：UIGestureRecognizer */ = {
			isa = PBXGroup;
			children = (
				E1153E1020DB7F0F005CF356 /* UIGestureRecgnizerViewController.swift */,
			);
			path = "UI控件扩展7：UIGestureRecognizer";
			sourceTree = "<group>";
		};
		E1153E1220DB83C7005CF356 /* UI控件扩展8：UIDatePicker */ = {
			isa = PBXGroup;
			children = (
				E1153E1320DB83DC005CF356 /* UIDatePickerViewController.swift */,
			);
			path = "UI控件扩展8：UIDatePicker";
			sourceTree = "<group>";
		};
		E138BA2E20C8CE1D00879E28 = {
			isa = PBXGroup;
			children = (
				E138BA3920C8CE1D00879E28 /* GJRxSwift */,
				E138BA3820C8CE1D00879E28 /* Products */,
				D224442CC68F07493F3029CD /* Pods */,
				59BAD07DCCCF877EA18ABD37 /* Frameworks */,
			);
			sourceTree = "<group>";
		};
		E138BA3820C8CE1D00879E28 /* Products */ = {
			isa = PBXGroup;
			children = (
				E138BA3720C8CE1D00879E28 /* GJRxSwift.app */,
			);
			name = Products;
			sourceTree = "<group>";
		};
		E138BA3920C8CE1D00879E28 /* GJRxSwift */ = {
			isa = PBXGroup;
			children = (
				E1153E1220DB83C7005CF356 /* UI控件扩展8：UIDatePicker */,
				E1153E0F20DB7EF0005CF356 /* UI控件扩展7：UIGestureRecognizer */,
				E1153E0C20DB464B005CF356 /* 双向绑定：<-> */,
				E1153E0720DB44FA005CF356 /* UI控件扩展6：UISlider、UIStepper */,
				E1153E0420DA4958005CF356 /* UI控件扩展4：UISwitch、UISegmentedControl */,
				E1153E0120DA3416005CF356 /* UI控件扩展3：UIButton、UIBarButtonItem */,
				E1153DFE20DA2241005CF356 /* UI控件扩展2：UITextField、UITextView */,
				E1153DFB20DA1818005CF356 /* UI控件扩展1：UILabel */,
				E1153DF820D9FC22005CF356 /* 调度器、subscribeOn、observeOn */,
				E1153DEB20D8F81A005CF356 /* 给 UIViewController 添加 RxSwift 扩展 */,
				E1153DE820D8EF77005CF356 /* 特征序列3：ControlProperty、 ControlEvent */,
				E108D36A20D39EAA0096E47C /* 特征序列2：Driver */,
				E108D36720D380450096E47C /* 特征序列1：Single、Completable、Maybe */,
				E108D32920D110840096E47C /* 调试操作 */,
				E108D32620D0F8020096E47C /* 错误处理 */,
				E108D32320D0E2820096E47C /* 其他操作符：delay、materialize、timeout等 */,
				E108D32020D0B4CD0096E47C /* 连接操作符：connect、publish、replay、multicast */,
				E108D31320CE6ED40096E47C /* 算数&聚合操作符：toArray、reduce、concat */,
				E108D31020CE4C920096E47C /* 结合操作符：startWith、merge、zip等 */,
				E108D30D20CE3E4C0096E47C /* 条件和布尔操作符：amb、takeWhile、skipWhile等 */,
				E108D30A20CE219D0096E47C /* 过滤操作符：filter、take、skip等 */,
				E138BA5E20CA44D600879E28 /* 变换操作符：buffer、map、flatMap、scan等 */,
				E138BA5B20CA1A1A00879E28 /* Subjects、Variables */,
				E138BA5620C922CE00879E28 /* 观察者2： 自定义可绑定属性 */,
				E138BA5320C900A200879E28 /* 观察者1： AnyObserver、Binder */,
				E138BA5020C8F96200879E28 /* Observable订阅、事件监听、订阅销毁 */,
				E138BA4D20C8ED2C00879E28 /* Observable介绍、创建可观察序列 */,
				E138BA3A20C8CE1D00879E28 /* AppDelegate.swift */,
				E138BA3C20C8CE1D00879E28 /* ViewController.swift */,
				E138BA3E20C8CE1D00879E28 /* Main.storyboard */,
				E138BA4120C8CE1D00879E28 /* Assets.xcassets */,
				E138BA4320C8CE1D00879E28 /* LaunchScreen.storyboard */,
				E138BA4620C8CE1D00879E28 /* Info.plist */,
			);
			path = GJRxSwift;
			sourceTree = "<group>";
		};
		E138BA4D20C8ED2C00879E28 /* Observable介绍、创建可观察序列 */ = {
			isa = PBXGroup;
			children = (
				E138BA4E20C8ED6300879E28 /* ObservableIntroduceCreateViewController.swift */,
			);
			path = "Observable介绍、创建可观察序列";
			sourceTree = "<group>";
		};
		E138BA5020C8F96200879E28 /* Observable订阅、事件监听、订阅销毁 */ = {
			isa = PBXGroup;
			children = (
				E138BA5120C8F99100879E28 /* ObservableSubscribeDoonDisposeViewController.swift */,
			);
			path = "Observable订阅、事件监听、订阅销毁";
			sourceTree = "<group>";
		};
		E138BA5320C900A200879E28 /* 观察者1： AnyObserver、Binder */ = {
			isa = PBXGroup;
			children = (
				E138BA5420C900BB00879E28 /* AnyObserverBinderViewController.swift */,
			);
			path = "观察者1： AnyObserver、Binder";
			sourceTree = "<group>";
		};
		E138BA5620C922CE00879E28 /* 观察者2： 自定义可绑定属性 */ = {
			isa = PBXGroup;
			children = (
				E138BA5720C922ED00879E28 /* CustomBindablePropertyViewController.swift */,
			);
			path = "观察者2： 自定义可绑定属性";
			sourceTree = "<group>";
		};
		E138BA5B20CA1A1A00879E28 /* Subjects、Variables */ = {
			isa = PBXGroup;
			children = (
				E138BA5C20CA1A2F00879E28 /* SubjectsVariablesViewController.swift */,
			);
			path = "Subjects、Variables";
			sourceTree = "<group>";
		};
		E138BA5E20CA44D600879E28 /* 变换操作符：buffer、map、flatMap、scan等 */ = {
			isa = PBXGroup;
			children = (
				E138BA5F20CA44FD00879E28 /* BufferMapFlatMapScanViewController.swift */,
			);
			path = "变换操作符：buffer、map、flatMap、scan等";
			sourceTree = "<group>";
		};
/* End PBXGroup section */

/* Begin PBXNativeTarget section */
		E138BA3620C8CE1D00879E28 /* GJRxSwift */ = {
			isa = PBXNativeTarget;
			buildConfigurationList = E138BA4920C8CE1D00879E28 /* Build configuration list for PBXNativeTarget "GJRxSwift" */;
			buildPhases = (
				6CF56D1DFD811959523C57D9 /* [CP] Check Pods Manifest.lock */,
				E138BA3320C8CE1D00879E28 /* Sources */,
				E138BA3420C8CE1D00879E28 /* Frameworks */,
				E138BA3520C8CE1D00879E28 /* Resources */,
				7B086E7C89340ED0188636B2 /* [CP] Embed Pods Frameworks */,
			);
			buildRules = (
			);
			dependencies = (
			);
			name = GJRxSwift;
			productName = GJRxSwift;
			productReference = E138BA3720C8CE1D00879E28 /* GJRxSwift.app */;
			productType = "com.apple.product-type.application";
		};
/* End PBXNativeTarget section */

/* Begin PBXProject section */
		E138BA2F20C8CE1D00879E28 /* Project object */ = {
			isa = PBXProject;
			attributes = {
				LastSwiftUpdateCheck = 0920;
				LastUpgradeCheck = 0920;
				ORGANIZATIONNAME = "Jun Gao";
				TargetAttributes = {
					E138BA3620C8CE1D00879E28 = {
						CreatedOnToolsVersion = 9.2;
						ProvisioningStyle = Automatic;
					};
				};
			};
			buildConfigurationList = E138BA3220C8CE1D00879E28 /* Build configuration list for PBXProject "GJRxSwift" */;
			compatibilityVersion = "Xcode 8.0";
			developmentRegion = en;
			hasScannedForEncodings = 0;
			knownRegions = (
				en,
				Base,
			);
			mainGroup = E138BA2E20C8CE1D00879E28;
			productRefGroup = E138BA3820C8CE1D00879E28 /* Products */;
			projectDirPath = "";
			projectRoot = "";
			targets = (
				E138BA3620C8CE1D00879E28 /* GJRxSwift */,
			);
		};
/* End PBXProject section */

/* Begin PBXResourcesBuildPhase section */
		E138BA3520C8CE1D00879E28 /* Resources */ = {
			isa = PBXResourcesBuildPhase;
			buildActionMask = 2147483647;
			files = (
				E138BA4520C8CE1D00879E28 /* LaunchScreen.storyboard in Resources */,
				E138BA4220C8CE1D00879E28 /* Assets.xcassets in Resources */,
				E138BA4020C8CE1D00879E28 /* Main.storyboard in Resources */,
			);
			runOnlyForDeploymentPostprocessing = 0;
		};
/* End PBXResourcesBuildPhase section */

/* Begin PBXShellScriptBuildPhase section */
		6CF56D1DFD811959523C57D9 /* [CP] Check Pods Manifest.lock */ = {
			isa = PBXShellScriptBuildPhase;
			buildActionMask = 2147483647;
			files = (
			);
			inputPaths = (
				"${PODS_PODFILE_DIR_PATH}/Podfile.lock",
				"${PODS_ROOT}/Manifest.lock",
			);
			name = "[CP] Check Pods Manifest.lock";
			outputPaths = (
				"$(DERIVED_FILE_DIR)/Pods-GJRxSwift-checkManifestLockResult.txt",
			);
			runOnlyForDeploymentPostprocessing = 0;
			shellPath = /bin/sh;
			shellScript = "diff \"${PODS_PODFILE_DIR_PATH}/Podfile.lock\" \"${PODS_ROOT}/Manifest.lock\" > /dev/null\nif [ $? != 0 ] ; then\n    # print error to STDERR\n    echo \"error: The sandbox is not in sync with the Podfile.lock. Run 'pod install' or update your CocoaPods installation.\" >&2\n    exit 1\nfi\n# This output is used by Xcode 'outputs' to avoid re-running this script phase.\necho \"SUCCESS\" > \"${SCRIPT_OUTPUT_FILE_0}\"\n";
			showEnvVarsInLog = 0;
		};
		7B086E7C89340ED0188636B2 /* [CP] Embed Pods Frameworks */ = {
			isa = PBXShellScriptBuildPhase;
			buildActionMask = 2147483647;
			files = (
			);
			inputPaths = (
				"${SRCROOT}/Pods/Target Support Files/Pods-GJRxSwift/Pods-GJRxSwift-frameworks.sh",
				"${BUILT_PRODUCTS_DIR}/RxCocoa/RxCocoa.framework",
				"${BUILT_PRODUCTS_DIR}/RxSwift/RxSwift.framework",
			);
			name = "[CP] Embed Pods Frameworks";
			outputPaths = (
				"${TARGET_BUILD_DIR}/${FRAMEWORKS_FOLDER_PATH}/RxCocoa.framework",
				"${TARGET_BUILD_DIR}/${FRAMEWORKS_FOLDER_PATH}/RxSwift.framework",
			);
			runOnlyForDeploymentPostprocessing = 0;
			shellPath = /bin/sh;
			shellScript = "\"${SRCROOT}/Pods/Target Support Files/Pods-GJRxSwift/Pods-GJRxSwift-frameworks.sh\"\n";
			showEnvVarsInLog = 0;
		};
/* End PBXShellScriptBuildPhase section */

/* Begin PBXSourcesBuildPhase section */
		E138BA3320C8CE1D00879E28 /* Sources */ = {
			isa = PBXSourcesBuildPhase;
			buildActionMask = 2147483647;
			files = (
				E1153E0620DA4971005CF356 /* UISwitchUISegmentControlViewController.swift in Sources */,
				E1153E0920DB4509005CF356 /* UISliderUIStepperViewController.swift in Sources */,
				E1153E0E20DB4661005CF356 /* BindViewController.swift in Sources */,
				E1153E0020DA2252005CF356 /* UITextFieldUITextViewViewController.swift in Sources */,
				E1153E1420DB83DC005CF356 /* UIDatePickerViewController.swift in Sources */,
				E108D36C20D39EB60096E47C /* DriverViewController.swift in Sources */,
				E108D32520D0E29C0096E47C /* DelayMaterializeTimeoutViewController.swift in Sources */,
				E108D31220CE4CA40096E47C /* StartWithMergeZipViewController.swift in Sources */,
				E138BA5D20CA1A2F00879E28 /* SubjectsVariablesViewController.swift in Sources */,
				E108D32B20D1109C0096E47C /* DebuggingViewController.swift in Sources */,
				E108D32820D0F80E0096E47C /* ErrorHandlerViewController.swift in Sources */,
				E1153DFA20D9FC3A005CF356 /* SubscribeOnObserveOnViewController.swift in Sources */,
				E1153DF120D8F901005CF356 /* UIViewController+RxSwift.swift in Sources */,
				E138BA3D20C8CE1D00879E28 /* ViewController.swift in Sources */,
				E1153DEA20D8EF99005CF356 /* ControlPropetyControlEventViewController.swift in Sources */,
				E108D31520CE6EE80096E47C /* ToArrayReduceConcatViewController.swift in Sources */,
				E1153DFD20DA1825005CF356 /* UILabelViewController.swift in Sources */,
				E138BA5520C900BB00879E28 /* AnyObserverBinderViewController.swift in Sources */,
				E108D32220D0B4F80096E47C /* ConnectPublishReplayMulticastViewController.swift in Sources */,
				E108D36920D3806D0096E47C /* SingleCompletableMaybeViewController.swift in Sources */,
				E138BA3B20C8CE1D00879E28 /* AppDelegate.swift in Sources */,
				E1153DED20D8F835005CF356 /* UIViewControllerRxExtendViewController.swift in Sources */,
				E138BA6020CA44FD00879E28 /* BufferMapFlatMapScanViewController.swift in Sources */,
				E1153E1120DB7F0F005CF356 /* UIGestureRecgnizerViewController.swift in Sources */,
				E1153E0320DA342C005CF356 /* UIButtonUIBarButtonItemViewController.swift in Sources */,
				E108D30F20CE3E5F0096E47C /* AmbTakeWhileSkipWhileViewController.swift in Sources */,
				E138BA5220C8F99100879E28 /* ObservableSubscribeDoonDisposeViewController.swift in Sources */,
				E108D30C20CE21B50096E47C /* FilterTakeSkipViewController.swift in Sources */,
				E138BA4F20C8ED6300879E28 /* ObservableIntroduceCreateViewController.swift in Sources */,
				E138BA5820C922ED00879E28 /* CustomBindablePropertyViewController.swift in Sources */,
			);
			runOnlyForDeploymentPostprocessing = 0;
		};
/* End PBXSourcesBuildPhase section */

/* Begin PBXVariantGroup section */
		E138BA3E20C8CE1D00879E28 /* Main.storyboard */ = {
			isa = PBXVariantGroup;
			children = (
				E138BA3F20C8CE1D00879E28 /* Base */,
			);
			name = Main.storyboard;
			sourceTree = "<group>";
		};
		E138BA4320C8CE1D00879E28 /* LaunchScreen.storyboard */ = {
			isa = PBXVariantGroup;
			children = (
				E138BA4420C8CE1D00879E28 /* Base */,
			);
			name = LaunchScreen.storyboard;
			sourceTree = "<group>";
		};
/* End PBXVariantGroup section */

/* Begin XCBuildConfiguration section */
		E138BA4720C8CE1D00879E28 /* Debug */ = {
			isa = XCBuildConfiguration;
			buildSettings = {
				ALWAYS_SEARCH_USER_PATHS = NO;
				CLANG_ANALYZER_NONNULL = YES;
				CLANG_ANALYZER_NUMBER_OBJECT_CONVERSION = YES_AGGRESSIVE;
				CLANG_CXX_LANGUAGE_STANDARD = "gnu++14";
				CLANG_CXX_LIBRARY = "libc++";
				CLANG_ENABLE_MODULES = YES;
				CLANG_ENABLE_OBJC_ARC = YES;
				CLANG_WARN_BLOCK_CAPTURE_AUTORELEASING = YES;
				CLANG_WARN_BOOL_CONVERSION = YES;
				CLANG_WARN_COMMA = YES;
				CLANG_WARN_CONSTANT_CONVERSION = YES;
				CLANG_WARN_DIRECT_OBJC_ISA_USAGE = YES_ERROR;
				CLANG_WARN_DOCUMENTATION_COMMENTS = YES;
				CLANG_WARN_EMPTY_BODY = YES;
				CLANG_WARN_ENUM_CONVERSION = YES;
				CLANG_WARN_INFINITE_RECURSION = YES;
				CLANG_WARN_INT_CONVERSION = YES;
				CLANG_WARN_NON_LITERAL_NULL_CONVERSION = YES;
				CLANG_WARN_OBJC_LITERAL_CONVERSION = YES;
				CLANG_WARN_OBJC_ROOT_CLASS = YES_ERROR;
				CLANG_WARN_RANGE_LOOP_ANALYSIS = YES;
				CLANG_WARN_STRICT_PROTOTYPES = YES;
				CLANG_WARN_SUSPICIOUS_MOVE = YES;
				CLANG_WARN_UNGUARDED_AVAILABILITY = YES_AGGRESSIVE;
				CLANG_WARN_UNREACHABLE_CODE = YES;
				CLANG_WARN__DUPLICATE_METHOD_MATCH = YES;
				CODE_SIGN_IDENTITY = "iPhone Developer";
				COPY_PHASE_STRIP = NO;
				DEBUG_INFORMATION_FORMAT = dwarf;
				ENABLE_STRICT_OBJC_MSGSEND = YES;
				ENABLE_TESTABILITY = YES;
				GCC_C_LANGUAGE_STANDARD = gnu11;
				GCC_DYNAMIC_NO_PIC = NO;
				GCC_NO_COMMON_BLOCKS = YES;
				GCC_OPTIMIZATION_LEVEL = 0;
				GCC_PREPROCESSOR_DEFINITIONS = (
					"DEBUG=1",
					"$(inherited)",
				);
				GCC_WARN_64_TO_32_BIT_CONVERSION = YES;
				GCC_WARN_ABOUT_RETURN_TYPE = YES_ERROR;
				GCC_WARN_UNDECLARED_SELECTOR = YES;
				GCC_WARN_UNINITIALIZED_AUTOS = YES_AGGRESSIVE;
				GCC_WARN_UNUSED_FUNCTION = YES;
				GCC_WARN_UNUSED_VARIABLE = YES;
				IPHONEOS_DEPLOYMENT_TARGET = 11.2;
				MTL_ENABLE_DEBUG_INFO = YES;
				ONLY_ACTIVE_ARCH = YES;
				SDKROOT = iphoneos;
				SWIFT_ACTIVE_COMPILATION_CONDITIONS = DEBUG;
				SWIFT_OPTIMIZATION_LEVEL = "-Onone";
			};
			name = Debug;
		};
		E138BA4820C8CE1D00879E28 /* Release */ = {
			isa = XCBuildConfiguration;
			buildSettings = {
				ALWAYS_SEARCH_USER_PATHS = NO;
				CLANG_ANALYZER_NONNULL = YES;
				CLANG_ANALYZER_NUMBER_OBJECT_CONVERSION = YES_AGGRESSIVE;
				CLANG_CXX_LANGUAGE_STANDARD = "gnu++14";
				CLANG_CXX_LIBRARY = "libc++";
				CLANG_ENABLE_MODULES = YES;
				CLANG_ENABLE_OBJC_ARC = YES;
				CLANG_WARN_BLOCK_CAPTURE_AUTORELEASING = YES;
				CLANG_WARN_BOOL_CONVERSION = YES;
				CLANG_WARN_COMMA = YES;
				CLANG_WARN_CONSTANT_CONVERSION = YES;
				CLANG_WARN_DIRECT_OBJC_ISA_USAGE = YES_ERROR;
				CLANG_WARN_DOCUMENTATION_COMMENTS = YES;
				CLANG_WARN_EMPTY_BODY = YES;
				CLANG_WARN_ENUM_CONVERSION = YES;
				CLANG_WARN_INFINITE_RECURSION = YES;
				CLANG_WARN_INT_CONVERSION = YES;
				CLANG_WARN_NON_LITERAL_NULL_CONVERSION = YES;
				CLANG_WARN_OBJC_LITERAL_CONVERSION = YES;
				CLANG_WARN_OBJC_ROOT_CLASS = YES_ERROR;
				CLANG_WARN_RANGE_LOOP_ANALYSIS = YES;
				CLANG_WARN_STRICT_PROTOTYPES = YES;
				CLANG_WARN_SUSPICIOUS_MOVE = YES;
				CLANG_WARN_UNGUARDED_AVAILABILITY = YES_AGGRESSIVE;
				CLANG_WARN_UNREACHABLE_CODE = YES;
				CLANG_WARN__DUPLICATE_METHOD_MATCH = YES;
				CODE_SIGN_IDENTITY = "iPhone Developer";
				COPY_PHASE_STRIP = NO;
				DEBUG_INFORMATION_FORMAT = "dwarf-with-dsym";
				ENABLE_NS_ASSERTIONS = NO;
				ENABLE_STRICT_OBJC_MSGSEND = YES;
				GCC_C_LANGUAGE_STANDARD = gnu11;
				GCC_NO_COMMON_BLOCKS = YES;
				GCC_WARN_64_TO_32_BIT_CONVERSION = YES;
				GCC_WARN_ABOUT_RETURN_TYPE = YES_ERROR;
				GCC_WARN_UNDECLARED_SELECTOR = YES;
				GCC_WARN_UNINITIALIZED_AUTOS = YES_AGGRESSIVE;
				GCC_WARN_UNUSED_FUNCTION = YES;
				GCC_WARN_UNUSED_VARIABLE = YES;
				IPHONEOS_DEPLOYMENT_TARGET = 11.2;
				MTL_ENABLE_DEBUG_INFO = NO;
				SDKROOT = iphoneos;
				SWIFT_OPTIMIZATION_LEVEL = "-Owholemodule";
				VALIDATE_PRODUCT = YES;
			};
			name = Release;
		};
		E138BA4A20C8CE1D00879E28 /* Debug */ = {
			isa = XCBuildConfiguration;
			baseConfigurationReference = DC6A8624A081D1BB7BCD2268 /* Pods-GJRxSwift.debug.xcconfig */;
			buildSettings = {
				ASSETCATALOG_COMPILER_APPICON_NAME = AppIcon;
				CODE_SIGN_STYLE = Automatic;
				DEVELOPMENT_TEAM = GBM452W698;
				INFOPLIST_FILE = GJRxSwift/Info.plist;
				LD_RUNPATH_SEARCH_PATHS = "$(inherited) @executable_path/Frameworks";
				PRODUCT_BUNDLE_IDENTIFIER = com.gaojun.GJRxSwift;
				PRODUCT_NAME = "$(TARGET_NAME)";
				SWIFT_VERSION = 4.0;
				TARGETED_DEVICE_FAMILY = "1,2";
			};
			name = Debug;
		};
		E138BA4B20C8CE1D00879E28 /* Release */ = {
			isa = XCBuildConfiguration;
			baseConfigurationReference = 4968CBE97CAABDD2E7F97EBA /* Pods-GJRxSwift.release.xcconfig */;
			buildSettings = {
				ASSETCATALOG_COMPILER_APPICON_NAME = AppIcon;
				CODE_SIGN_STYLE = Automatic;
				DEVELOPMENT_TEAM = GBM452W698;
				INFOPLIST_FILE = GJRxSwift/Info.plist;
				LD_RUNPATH_SEARCH_PATHS = "$(inherited) @executable_path/Frameworks";
				PRODUCT_BUNDLE_IDENTIFIER = com.gaojun.GJRxSwift;
				PRODUCT_NAME = "$(TARGET_NAME)";
				SWIFT_VERSION = 4.0;
				TARGETED_DEVICE_FAMILY = "1,2";
			};
			name = Release;
		};
/* End XCBuildConfiguration section */

/* Begin XCConfigurationList section */
		E138BA3220C8CE1D00879E28 /* Build configuration list for PBXProject "GJRxSwift" */ = {
			isa = XCConfigurationList;
			buildConfigurations = (
				E138BA4720C8CE1D00879E28 /* Debug */,
				E138BA4820C8CE1D00879E28 /* Release */,
			);
			defaultConfigurationIsVisible = 0;
			defaultConfigurationName = Release;
		};
		E138BA4920C8CE1D00879E28 /* Build configuration list for PBXNativeTarget "GJRxSwift" */ = {
			isa = XCConfigurationList;
			buildConfigurations = (
				E138BA4A20C8CE1D00879E28 /* Debug */,
				E138BA4B20C8CE1D00879E28 /* Release */,
			);
			defaultConfigurationIsVisible = 0;
			defaultConfigurationName = Release;
		};
/* End XCConfigurationList section */
	};
	rootObject = E138BA2F20C8CE1D00879E28 /* Project object */;
}
